
Microsoft Visual Studio Solution File, Format Version 12.00
# Visual Studio 15
VisualStudioVersion = 15.0.26430.15
MinimumVisualStudioVersion = 10.0.40219.1
Project("{FAE04EC0-301F-11D3-BF4B-00C04F79EFBC}") = "03_for_loops", "3_for_loops\03_for_loops.csproj", "{367DC8C4-361B-4D0D-A1E4-44B6C1B0FF1A}"
EndProject
Project("{FAE04EC0-301F-11D3-BF4B-00C04F79EFBC}") = "02_if-else", "2_if-else\02_if-else.csproj", "{272BBE36-2579-4C9E-943E-A1F7E9F55900}"
EndProject
Project("{FAE04EC0-301F-11D3-BF4B-00C04F79EFBC}") = "A1_calculation_of_powers", "A1_calculation_of_powers\A1_calculation_of_powers.csproj", "{8556D4C8-2670-4703-B59D-E77665D73C94}"
EndProject
Project("{FAE04EC0-301F-11D3-BF4B-00C04F79EFBC}") = "04_while_loops", "4_while_loops\04_while_loops.csproj", "{9C2EC755-BC57-4B65-8CF6-C7FDAD48A43C}"
EndProject
Project("{FAE04EC0-301F-11D3-BF4B-00C04F79EFBC}") = "05_do-while_loops", "5_do-while_loops\05_do-while_loops.csproj", "{CB655A2E-853B-47AA-9625-2F3D0158FAF9}"
EndProject
Project("{FAE04EC0-301F-11D3-BF4B-00C04F79EFBC}") = "06_foreach_loops", "6_foreach_loops\06_foreach_loops.csproj", "{C855F18B-1E3B-40B6-AD2E-23220CCC5EBD}"
EndProject
Project("{FAE04EC0-301F-11D3-BF4B-00C04F79EFBC}") = "08_arrays", "8_arrays\08_arrays.csproj", "{D04BB0F7-5C7A-4A8F-AAAC-D8C8C0DA4D3C}"
EndProject
Project("{FAE04EC0-301F-11D3-BF4B-00C04F79EFBC}") = "A2_copy_array", "A2_copy_array\A2_copy_array.csproj", "{349D9D8C-94D4-4706-A38A-2B4183D2B577}"
EndProject
Project("{FAE04EC0-301F-11D3-BF4B-00C04F79EFBC}") = "P1_average_and_improving", "P1_average_and_improving\P1_average_and_improving.csproj", "{4FBB7C96-83A5-4696-B67B-111B41B75291}"
EndProject
Project("{FAE04EC0-301F-11D3-BF4B-00C04F79EFBC}") = "10_ASCII", "10_ASCII\10_ASCII.csproj", "{A01EB546-7B52-47BE-9342-F856032E9324}"
EndProject
Project("{FAE04EC0-301F-11D3-BF4B-00C04F79EFBC}") = "01_string_methods", "01_string_methods\01_string_methods.csproj", "{F0D0B5F4-9DC2-4C6F-89C7-069B9E6A21F9}"
EndProject
Project("{FAE04EC0-301F-11D3-BF4B-00C04F79EFBC}") = "07_TryParse", "07_TryParse\07_TryParse.csproj", "{7F7CEC8D-B919-428C-990E-1D3BF366A586}"
EndProject
Project("{FAE04EC0-301F-11D3-BF4B-00C04F79EFBC}") = "09_lists", "09_lists\09_lists.csproj", "{E9549B7A-8F72-4D8C-808F-CAD292BCA006}"
EndProject
Project("{FAE04EC0-301F-11D3-BF4B-00C04F79EFBC}") = "A3_caesar's_cipher", "A3_caesar's_cipher\A3_caesar's_cipher.csproj", "{FC056D7B-D33A-4A5F-97CE-909D4B4E1345}"
EndProject
Project("{FAE04EC0-301F-11D3-BF4B-00C04F79EFBC}") = "A4_counting_vowels", "A4_Counting vowels\A4_counting_vowels.csproj", "{D8CB6C97-B1A7-44C2-BB60-ED7E0B168FCE}"
EndProject
Global
	GlobalSection(SolutionConfigurationPlatforms) = preSolution
		Debug|Any CPU = Debug|Any CPU
		Debug|ARM = Debug|ARM
		Debug|x64 = Debug|x64
		Debug|x86 = Debug|x86
		Release|Any CPU = Release|Any CPU
		Release|ARM = Release|ARM
		Release|x64 = Release|x64
		Release|x86 = Release|x86
	EndGlobalSection
	GlobalSection(ProjectConfigurationPlatforms) = postSolution
		{367DC8C4-361B-4D0D-A1E4-44B6C1B0FF1A}.Debug|Any CPU.ActiveCfg = Debug|Any CPU
		{367DC8C4-361B-4D0D-A1E4-44B6C1B0FF1A}.Debug|Any CPU.Build.0 = Debug|Any CPU
		{367DC8C4-361B-4D0D-A1E4-44B6C1B0FF1A}.Debug|ARM.ActiveCfg = Debug|Any CPU
		{367DC8C4-361B-4D0D-A1E4-44B6C1B0FF1A}.Debug|ARM.Build.0 = Debug|Any CPU
		{367DC8C4-361B-4D0D-A1E4-44B6C1B0FF1A}.Debug|x64.ActiveCfg = Debug|Any CPU
		{367DC8C4-361B-4D0D-A1E4-44B6C1B0FF1A}.Debug|x64.Build.0 = Debug|Any CPU
		{367DC8C4-361B-4D0D-A1E4-44B6C1B0FF1A}.Debug|x86.ActiveCfg = Debug|Any CPU
		{367DC8C4-361B-4D0D-A1E4-44B6C1B0FF1A}.Debug|x86.Build.0 = Debug|Any CPU
		{367DC8C4-361B-4D0D-A1E4-44B6C1B0FF1A}.Release|Any CPU.ActiveCfg = Release|Any CPU
		{367DC8C4-361B-4D0D-A1E4-44B6C1B0FF1A}.Release|Any CPU.Build.0 = Release|Any CPU
		{367DC8C4-361B-4D0D-A1E4-44B6C1B0FF1A}.Release|ARM.ActiveCfg = Release|Any CPU
		{367DC8C4-361B-4D0D-A1E4-44B6C1B0FF1A}.Release|ARM.Build.0 = Release|Any CPU
		{367DC8C4-361B-4D0D-A1E4-44B6C1B0FF1A}.Release|x64.ActiveCfg = Release|Any CPU
		{367DC8C4-361B-4D0D-A1E4-44B6C1B0FF1A}.Release|x64.Build.0 = Release|Any CPU
		{367DC8C4-361B-4D0D-A1E4-44B6C1B0FF1A}.Release|x86.ActiveCfg = Release|Any CPU
		{367DC8C4-361B-4D0D-A1E4-44B6C1B0FF1A}.Release|x86.Build.0 = Release|Any CPU
		{272BBE36-2579-4C9E-943E-A1F7E9F55900}.Debug|Any CPU.ActiveCfg = Debug|Any CPU
		{272BBE36-2579-4C9E-943E-A1F7E9F55900}.Debug|Any CPU.Build.0 = Debug|Any CPU
		{272BBE36-2579-4C9E-943E-A1F7E9F55900}.Debug|ARM.ActiveCfg = Debug|Any CPU
		{272BBE36-2579-4C9E-943E-A1F7E9F55900}.Debug|ARM.Build.0 = Debug|Any CPU
		{272BBE36-2579-4C9E-943E-A1F7E9F55900}.Debug|x64.ActiveCfg = Debug|Any CPU
		{272BBE36-2579-4C9E-943E-A1F7E9F55900}.Debug|x64.Build.0 = Debug|Any CPU
		{272BBE36-2579-4C9E-943E-A1F7E9F55900}.Debug|x86.ActiveCfg = Debug|Any CPU
		{272BBE36-2579-4C9E-943E-A1F7E9F55900}.Debug|x86.Build.0 = Debug|Any CPU
		{272BBE36-2579-4C9E-943E-A1F7E9F55900}.Release|Any CPU.ActiveCfg = Release|Any CPU
		{272BBE36-2579-4C9E-943E-A1F7E9F55900}.Release|Any CPU.Build.0 = Release|Any CPU
		{272BBE36-2579-4C9E-943E-A1F7E9F55900}.Release|ARM.ActiveCfg = Release|Any CPU
		{272BBE36-2579-4C9E-943E-A1F7E9F55900}.Release|ARM.Build.0 = Release|Any CPU
		{272BBE36-2579-4C9E-943E-A1F7E9F55900}.Release|x64.ActiveCfg = Release|Any CPU
		{272BBE36-2579-4C9E-943E-A1F7E9F55900}.Release|x64.Build.0 = Release|Any CPU
		{272BBE36-2579-4C9E-943E-A1F7E9F55900}.Release|x86.ActiveCfg = Release|Any CPU
		{272BBE36-2579-4C9E-943E-A1F7E9F55900}.Release|x86.Build.0 = Release|Any CPU
		{8556D4C8-2670-4703-B59D-E77665D73C94}.Debug|Any CPU.ActiveCfg = Debug|Any CPU
		{8556D4C8-2670-4703-B59D-E77665D73C94}.Debug|Any CPU.Build.0 = Debug|Any CPU
		{8556D4C8-2670-4703-B59D-E77665D73C94}.Debug|ARM.ActiveCfg = Debug|Any CPU
		{8556D4C8-2670-4703-B59D-E77665D73C94}.Debug|ARM.Build.0 = Debug|Any CPU
		{8556D4C8-2670-4703-B59D-E77665D73C94}.Debug|x64.ActiveCfg = Debug|Any CPU
		{8556D4C8-2670-4703-B59D-E77665D73C94}.Debug|x64.Build.0 = Debug|Any CPU
		{8556D4C8-2670-4703-B59D-E77665D73C94}.Debug|x86.ActiveCfg = Debug|Any CPU
		{8556D4C8-2670-4703-B59D-E77665D73C94}.Debug|x86.Build.0 = Debug|Any CPU
		{8556D4C8-2670-4703-B59D-E77665D73C94}.Release|Any CPU.ActiveCfg = Release|Any CPU
		{8556D4C8-2670-4703-B59D-E77665D73C94}.Release|Any CPU.Build.0 = Release|Any CPU
		{8556D4C8-2670-4703-B59D-E77665D73C94}.Release|ARM.ActiveCfg = Release|Any CPU
		{8556D4C8-2670-4703-B59D-E77665D73C94}.Release|ARM.Build.0 = Release|Any CPU
		{8556D4C8-2670-4703-B59D-E77665D73C94}.Release|x64.ActiveCfg = Release|Any CPU
		{8556D4C8-2670-4703-B59D-E77665D73C94}.Release|x64.Build.0 = Release|Any CPU
		{8556D4C8-2670-4703-B59D-E77665D73C94}.Release|x86.ActiveCfg = Release|Any CPU
		{8556D4C8-2670-4703-B59D-E77665D73C94}.Release|x86.Build.0 = Release|Any CPU
		{9C2EC755-BC57-4B65-8CF6-C7FDAD48A43C}.Debug|Any CPU.ActiveCfg = Debug|Any CPU
		{9C2EC755-BC57-4B65-8CF6-C7FDAD48A43C}.Debug|Any CPU.Build.0 = Debug|Any CPU
		{9C2EC755-BC57-4B65-8CF6-C7FDAD48A43C}.Debug|ARM.ActiveCfg = Debug|Any CPU
		{9C2EC755-BC57-4B65-8CF6-C7FDAD48A43C}.Debug|ARM.Build.0 = Debug|Any CPU
		{9C2EC755-BC57-4B65-8CF6-C7FDAD48A43C}.Debug|x64.ActiveCfg = Debug|Any CPU
		{9C2EC755-BC57-4B65-8CF6-C7FDAD48A43C}.Debug|x64.Build.0 = Debug|Any CPU
		{9C2EC755-BC57-4B65-8CF6-C7FDAD48A43C}.Debug|x86.ActiveCfg = Debug|Any CPU
		{9C2EC755-BC57-4B65-8CF6-C7FDAD48A43C}.Debug|x86.Build.0 = Debug|Any CPU
		{9C2EC755-BC57-4B65-8CF6-C7FDAD48A43C}.Release|Any CPU.ActiveCfg = Release|Any CPU
		{9C2EC755-BC57-4B65-8CF6-C7FDAD48A43C}.Release|Any CPU.Build.0 = Release|Any CPU
		{9C2EC755-BC57-4B65-8CF6-C7FDAD48A43C}.Release|ARM.ActiveCfg = Release|Any CPU
		{9C2EC755-BC57-4B65-8CF6-C7FDAD48A43C}.Release|ARM.Build.0 = Release|Any CPU
		{9C2EC755-BC57-4B65-8CF6-C7FDAD48A43C}.Release|x64.ActiveCfg = Release|Any CPU
		{9C2EC755-BC57-4B65-8CF6-C7FDAD48A43C}.Release|x64.Build.0 = Release|Any CPU
		{9C2EC755-BC57-4B65-8CF6-C7FDAD48A43C}.Release|x86.ActiveCfg = Release|Any CPU
		{9C2EC755-BC57-4B65-8CF6-C7FDAD48A43C}.Release|x86.Build.0 = Release|Any CPU
		{CB655A2E-853B-47AA-9625-2F3D0158FAF9}.Debug|Any CPU.ActiveCfg = Debug|Any CPU
		{CB655A2E-853B-47AA-9625-2F3D0158FAF9}.Debug|Any CPU.Build.0 = Debug|Any CPU
		{CB655A2E-853B-47AA-9625-2F3D0158FAF9}.Debug|ARM.ActiveCfg = Debug|Any CPU
		{CB655A2E-853B-47AA-9625-2F3D0158FAF9}.Debug|ARM.Build.0 = Debug|Any CPU
		{CB655A2E-853B-47AA-9625-2F3D0158FAF9}.Debug|x64.ActiveCfg = Debug|Any CPU
		{CB655A2E-853B-47AA-9625-2F3D0158FAF9}.Debug|x64.Build.0 = Debug|Any CPU
		{CB655A2E-853B-47AA-9625-2F3D0158FAF9}.Debug|x86.ActiveCfg = Debug|Any CPU
		{CB655A2E-853B-47AA-9625-2F3D0158FAF9}.Debug|x86.Build.0 = Debug|Any CPU
		{CB655A2E-853B-47AA-9625-2F3D0158FAF9}.Release|Any CPU.ActiveCfg = Release|Any CPU
		{CB655A2E-853B-47AA-9625-2F3D0158FAF9}.Release|Any CPU.Build.0 = Release|Any CPU
		{CB655A2E-853B-47AA-9625-2F3D0158FAF9}.Release|ARM.ActiveCfg = Release|Any CPU
		{CB655A2E-853B-47AA-9625-2F3D0158FAF9}.Release|ARM.Build.0 = Release|Any CPU
		{CB655A2E-853B-47AA-9625-2F3D0158FAF9}.Release|x64.ActiveCfg = Release|Any CPU
		{CB655A2E-853B-47AA-9625-2F3D0158FAF9}.Release|x64.Build.0 = Release|Any CPU
		{CB655A2E-853B-47AA-9625-2F3D0158FAF9}.Release|x86.ActiveCfg = Release|Any CPU
		{CB655A2E-853B-47AA-9625-2F3D0158FAF9}.Release|x86.Build.0 = Release|Any CPU
		{C855F18B-1E3B-40B6-AD2E-23220CCC5EBD}.Debug|Any CPU.ActiveCfg = Debug|Any CPU
		{C855F18B-1E3B-40B6-AD2E-23220CCC5EBD}.Debug|Any CPU.Build.0 = Debug|Any CPU
		{C855F18B-1E3B-40B6-AD2E-23220CCC5EBD}.Debug|ARM.ActiveCfg = Debug|Any CPU
		{C855F18B-1E3B-40B6-AD2E-23220CCC5EBD}.Debug|ARM.Build.0 = Debug|Any CPU
		{C855F18B-1E3B-40B6-AD2E-23220CCC5EBD}.Debug|x64.ActiveCfg = Debug|Any CPU
		{C855F18B-1E3B-40B6-AD2E-23220CCC5EBD}.Debug|x64.Build.0 = Debug|Any CPU
		{C855F18B-1E3B-40B6-AD2E-23220CCC5EBD}.Debug|x86.ActiveCfg = Debug|Any CPU
		{C855F18B-1E3B-40B6-AD2E-23220CCC5EBD}.Debug|x86.Build.0 = Debug|Any CPU
		{C855F18B-1E3B-40B6-AD2E-23220CCC5EBD}.Release|Any CPU.ActiveCfg = Release|Any CPU
		{C855F18B-1E3B-40B6-AD2E-23220CCC5EBD}.Release|Any CPU.Build.0 = Release|Any CPU
		{C855F18B-1E3B-40B6-AD2E-23220CCC5EBD}.Release|ARM.ActiveCfg = Release|Any CPU
		{C855F18B-1E3B-40B6-AD2E-23220CCC5EBD}.Release|ARM.Build.0 = Release|Any CPU
		{C855F18B-1E3B-40B6-AD2E-23220CCC5EBD}.Release|x64.ActiveCfg = Release|Any CPU
		{C855F18B-1E3B-40B6-AD2E-23220CCC5EBD}.Release|x64.Build.0 = Release|Any CPU
		{C855F18B-1E3B-40B6-AD2E-23220CCC5EBD}.Release|x86.ActiveCfg = Release|Any CPU
		{C855F18B-1E3B-40B6-AD2E-23220CCC5EBD}.Release|x86.Build.0 = Release|Any CPU
		{D04BB0F7-5C7A-4A8F-AAAC-D8C8C0DA4D3C}.Debug|Any CPU.ActiveCfg = Debug|Any CPU
		{D04BB0F7-5C7A-4A8F-AAAC-D8C8C0DA4D3C}.Debug|Any CPU.Build.0 = Debug|Any CPU
		{D04BB0F7-5C7A-4A8F-AAAC-D8C8C0DA4D3C}.Debug|ARM.ActiveCfg = Debug|Any CPU
		{D04BB0F7-5C7A-4A8F-AAAC-D8C8C0DA4D3C}.Debug|ARM.Build.0 = Debug|Any CPU
		{D04BB0F7-5C7A-4A8F-AAAC-D8C8C0DA4D3C}.Debug|x64.ActiveCfg = Debug|Any CPU
		{D04BB0F7-5C7A-4A8F-AAAC-D8C8C0DA4D3C}.Debug|x64.Build.0 = Debug|Any CPU
		{D04BB0F7-5C7A-4A8F-AAAC-D8C8C0DA4D3C}.Debug|x86.ActiveCfg = Debug|Any CPU
		{D04BB0F7-5C7A-4A8F-AAAC-D8C8C0DA4D3C}.Debug|x86.Build.0 = Debug|Any CPU
		{D04BB0F7-5C7A-4A8F-AAAC-D8C8C0DA4D3C}.Release|Any CPU.ActiveCfg = Release|Any CPU
		{D04BB0F7-5C7A-4A8F-AAAC-D8C8C0DA4D3C}.Release|Any CPU.Build.0 = Release|Any CPU
		{D04BB0F7-5C7A-4A8F-AAAC-D8C8C0DA4D3C}.Release|ARM.ActiveCfg = Release|Any CPU
		{D04BB0F7-5C7A-4A8F-AAAC-D8C8C0DA4D3C}.Release|ARM.Build.0 = Release|Any CPU
		{D04BB0F7-5C7A-4A8F-AAAC-D8C8C0DA4D3C}.Release|x64.ActiveCfg = Release|Any CPU
		{D04BB0F7-5C7A-4A8F-AAAC-D8C8C0DA4D3C}.Release|x64.Build.0 = Release|Any CPU
		{D04BB0F7-5C7A-4A8F-AAAC-D8C8C0DA4D3C}.Release|x86.ActiveCfg = Release|Any CPU
		{D04BB0F7-5C7A-4A8F-AAAC-D8C8C0DA4D3C}.Release|x86.Build.0 = Release|Any CPU
		{349D9D8C-94D4-4706-A38A-2B4183D2B577}.Debug|Any CPU.ActiveCfg = Debug|Any CPU
		{349D9D8C-94D4-4706-A38A-2B4183D2B577}.Debug|Any CPU.Build.0 = Debug|Any CPU
		{349D9D8C-94D4-4706-A38A-2B4183D2B577}.Debug|ARM.ActiveCfg = Debug|Any CPU
		{349D9D8C-94D4-4706-A38A-2B4183D2B577}.Debug|ARM.Build.0 = Debug|Any CPU
		{349D9D8C-94D4-4706-A38A-2B4183D2B577}.Debug|x64.ActiveCfg = Debug|Any CPU
		{349D9D8C-94D4-4706-A38A-2B4183D2B577}.Debug|x64.Build.0 = Debug|Any CPU
		{349D9D8C-94D4-4706-A38A-2B4183D2B577}.Debug|x86.ActiveCfg = Debug|Any CPU
		{349D9D8C-94D4-4706-A38A-2B4183D2B577}.Debug|x86.Build.0 = Debug|Any CPU
		{349D9D8C-94D4-4706-A38A-2B4183D2B577}.Release|Any CPU.ActiveCfg = Release|Any CPU
		{349D9D8C-94D4-4706-A38A-2B4183D2B577}.Release|Any CPU.Build.0 = Release|Any CPU
		{349D9D8C-94D4-4706-A38A-2B4183D2B577}.Release|ARM.ActiveCfg = Release|Any CPU
		{349D9D8C-94D4-4706-A38A-2B4183D2B577}.Release|ARM.Build.0 = Release|Any CPU
		{349D9D8C-94D4-4706-A38A-2B4183D2B577}.Release|x64.ActiveCfg = Release|Any CPU
		{349D9D8C-94D4-4706-A38A-2B4183D2B577}.Release|x64.Build.0 = Release|Any CPU
		{349D9D8C-94D4-4706-A38A-2B4183D2B577}.Release|x86.ActiveCfg = Release|Any CPU
		{349D9D8C-94D4-4706-A38A-2B4183D2B577}.Release|x86.Build.0 = Release|Any CPU
		{4FBB7C96-83A5-4696-B67B-111B41B75291}.Debug|Any CPU.ActiveCfg = Debug|Any CPU
		{4FBB7C96-83A5-4696-B67B-111B41B75291}.Debug|Any CPU.Build.0 = Debug|Any CPU
		{4FBB7C96-83A5-4696-B67B-111B41B75291}.Debug|ARM.ActiveCfg = Debug|Any CPU
		{4FBB7C96-83A5-4696-B67B-111B41B75291}.Debug|ARM.Build.0 = Debug|Any CPU
		{4FBB7C96-83A5-4696-B67B-111B41B75291}.Debug|x64.ActiveCfg = Debug|Any CPU
		{4FBB7C96-83A5-4696-B67B-111B41B75291}.Debug|x64.Build.0 = Debug|Any CPU
		{4FBB7C96-83A5-4696-B67B-111B41B75291}.Debug|x86.ActiveCfg = Debug|Any CPU
		{4FBB7C96-83A5-4696-B67B-111B41B75291}.Debug|x86.Build.0 = Debug|Any CPU
		{4FBB7C96-83A5-4696-B67B-111B41B75291}.Release|Any CPU.ActiveCfg = Release|Any CPU
		{4FBB7C96-83A5-4696-B67B-111B41B75291}.Release|Any CPU.Build.0 = Release|Any CPU
		{4FBB7C96-83A5-4696-B67B-111B41B75291}.Release|ARM.ActiveCfg = Release|Any CPU
		{4FBB7C96-83A5-4696-B67B-111B41B75291}.Release|ARM.Build.0 = Release|Any CPU
		{4FBB7C96-83A5-4696-B67B-111B41B75291}.Release|x64.ActiveCfg = Release|Any CPU
		{4FBB7C96-83A5-4696-B67B-111B41B75291}.Release|x64.Build.0 = Release|Any CPU
		{4FBB7C96-83A5-4696-B67B-111B41B75291}.Release|x86.ActiveCfg = Release|Any CPU
		{4FBB7C96-83A5-4696-B67B-111B41B75291}.Release|x86.Build.0 = Release|Any CPU
		{A01EB546-7B52-47BE-9342-F856032E9324}.Debug|Any CPU.ActiveCfg = Debug|Any CPU
		{A01EB546-7B52-47BE-9342-F856032E9324}.Debug|Any CPU.Build.0 = Debug|Any CPU
		{A01EB546-7B52-47BE-9342-F856032E9324}.Debug|ARM.ActiveCfg = Debug|Any CPU
		{A01EB546-7B52-47BE-9342-F856032E9324}.Debug|ARM.Build.0 = Debug|Any CPU
		{A01EB546-7B52-47BE-9342-F856032E9324}.Debug|x64.ActiveCfg = Debug|Any CPU
		{A01EB546-7B52-47BE-9342-F856032E9324}.Debug|x64.Build.0 = Debug|Any CPU
		{A01EB546-7B52-47BE-9342-F856032E9324}.Debug|x86.ActiveCfg = Debug|Any CPU
		{A01EB546-7B52-47BE-9342-F856032E9324}.Debug|x86.Build.0 = Debug|Any CPU
		{A01EB546-7B52-47BE-9342-F856032E9324}.Release|Any CPU.ActiveCfg = Release|Any CPU
		{A01EB546-7B52-47BE-9342-F856032E9324}.Release|Any CPU.Build.0 = Release|Any CPU
		{A01EB546-7B52-47BE-9342-F856032E9324}.Release|ARM.ActiveCfg = Release|Any CPU
		{A01EB546-7B52-47BE-9342-F856032E9324}.Release|ARM.Build.0 = Release|Any CPU
		{A01EB546-7B52-47BE-9342-F856032E9324}.Release|x64.ActiveCfg = Release|Any CPU
		{A01EB546-7B52-47BE-9342-F856032E9324}.Release|x64.Build.0 = Release|Any CPU
		{A01EB546-7B52-47BE-9342-F856032E9324}.Release|x86.ActiveCfg = Release|Any CPU
		{A01EB546-7B52-47BE-9342-F856032E9324}.Release|x86.Build.0 = Release|Any CPU
		{F0D0B5F4-9DC2-4C6F-89C7-069B9E6A21F9}.Debug|Any CPU.ActiveCfg = Debug|Any CPU
		{F0D0B5F4-9DC2-4C6F-89C7-069B9E6A21F9}.Debug|Any CPU.Build.0 = Debug|Any CPU
		{F0D0B5F4-9DC2-4C6F-89C7-069B9E6A21F9}.Debug|ARM.ActiveCfg = Debug|Any CPU
		{F0D0B5F4-9DC2-4C6F-89C7-069B9E6A21F9}.Debug|ARM.Build.0 = Debug|Any CPU
		{F0D0B5F4-9DC2-4C6F-89C7-069B9E6A21F9}.Debug|x64.ActiveCfg = Debug|Any CPU
		{F0D0B5F4-9DC2-4C6F-89C7-069B9E6A21F9}.Debug|x64.Build.0 = Debug|Any CPU
		{F0D0B5F4-9DC2-4C6F-89C7-069B9E6A21F9}.Debug|x86.ActiveCfg = Debug|Any CPU
		{F0D0B5F4-9DC2-4C6F-89C7-069B9E6A21F9}.Debug|x86.Build.0 = Debug|Any CPU
		{F0D0B5F4-9DC2-4C6F-89C7-069B9E6A21F9}.Release|Any CPU.ActiveCfg = Release|Any CPU
		{F0D0B5F4-9DC2-4C6F-89C7-069B9E6A21F9}.Release|Any CPU.Build.0 = Release|Any CPU
		{F0D0B5F4-9DC2-4C6F-89C7-069B9E6A21F9}.Release|ARM.ActiveCfg = Release|Any CPU
		{F0D0B5F4-9DC2-4C6F-89C7-069B9E6A21F9}.Release|ARM.Build.0 = Release|Any CPU
		{F0D0B5F4-9DC2-4C6F-89C7-069B9E6A21F9}.Release|x64.ActiveCfg = Release|Any CPU
		{F0D0B5F4-9DC2-4C6F-89C7-069B9E6A21F9}.Release|x64.Build.0 = Release|Any CPU
		{F0D0B5F4-9DC2-4C6F-89C7-069B9E6A21F9}.Release|x86.ActiveCfg = Release|Any CPU
		{F0D0B5F4-9DC2-4C6F-89C7-069B9E6A21F9}.Release|x86.Build.0 = Release|Any CPU
		{7F7CEC8D-B919-428C-990E-1D3BF366A586}.Debug|Any CPU.ActiveCfg = Debug|Any CPU
		{7F7CEC8D-B919-428C-990E-1D3BF366A586}.Debug|Any CPU.Build.0 = Debug|Any CPU
		{7F7CEC8D-B919-428C-990E-1D3BF366A586}.Debug|ARM.ActiveCfg = Debug|Any CPU
		{7F7CEC8D-B919-428C-990E-1D3BF366A586}.Debug|ARM.Build.0 = Debug|Any CPU
		{7F7CEC8D-B919-428C-990E-1D3BF366A586}.Debug|x64.ActiveCfg = Debug|Any CPU
		{7F7CEC8D-B919-428C-990E-1D3BF366A586}.Debug|x64.Build.0 = Debug|Any CPU
		{7F7CEC8D-B919-428C-990E-1D3BF366A586}.Debug|x86.ActiveCfg = Debug|Any CPU
		{7F7CEC8D-B919-428C-990E-1D3BF366A586}.Debug|x86.Build.0 = Debug|Any CPU
		{7F7CEC8D-B919-428C-990E-1D3BF366A586}.Release|Any CPU.ActiveCfg = Release|Any CPU
		{7F7CEC8D-B919-428C-990E-1D3BF366A586}.Release|Any CPU.Build.0 = Release|Any CPU
		{7F7CEC8D-B919-428C-990E-1D3BF366A586}.Release|ARM.ActiveCfg = Release|Any CPU
		{7F7CEC8D-B919-428C-990E-1D3BF366A586}.Release|ARM.Build.0 = Release|Any CPU
		{7F7CEC8D-B919-428C-990E-1D3BF366A586}.Release|x64.ActiveCfg = Release|Any CPU
		{7F7CEC8D-B919-428C-990E-1D3BF366A586}.Release|x64.Build.0 = Release|Any CPU
		{7F7CEC8D-B919-428C-990E-1D3BF366A586}.Release|x86.ActiveCfg = Release|Any CPU
		{7F7CEC8D-B919-428C-990E-1D3BF366A586}.Release|x86.Build.0 = Release|Any CPU
		{E9549B7A-8F72-4D8C-808F-CAD292BCA006}.Debug|Any CPU.ActiveCfg = Debug|Any CPU
		{E9549B7A-8F72-4D8C-808F-CAD292BCA006}.Debug|Any CPU.Build.0 = Debug|Any CPU
		{E9549B7A-8F72-4D8C-808F-CAD292BCA006}.Debug|ARM.ActiveCfg = Debug|Any CPU
		{E9549B7A-8F72-4D8C-808F-CAD292BCA006}.Debug|ARM.Build.0 = Debug|Any CPU
		{E9549B7A-8F72-4D8C-808F-CAD292BCA006}.Debug|x64.ActiveCfg = Debug|Any CPU
		{E9549B7A-8F72-4D8C-808F-CAD292BCA006}.Debug|x64.Build.0 = Debug|Any CPU
		{E9549B7A-8F72-4D8C-808F-CAD292BCA006}.Debug|x86.ActiveCfg = Debug|Any CPU
		{E9549B7A-8F72-4D8C-808F-CAD292BCA006}.Debug|x86.Build.0 = Debug|Any CPU
		{E9549B7A-8F72-4D8C-808F-CAD292BCA006}.Release|Any CPU.ActiveCfg = Release|Any CPU
		{E9549B7A-8F72-4D8C-808F-CAD292BCA006}.Release|Any CPU.Build.0 = Release|Any CPU
		{E9549B7A-8F72-4D8C-808F-CAD292BCA006}.Release|ARM.ActiveCfg = Release|Any CPU
		{E9549B7A-8F72-4D8C-808F-CAD292BCA006}.Release|ARM.Build.0 = Release|Any CPU
		{E9549B7A-8F72-4D8C-808F-CAD292BCA006}.Release|x64.ActiveCfg = Release|Any CPU
		{E9549B7A-8F72-4D8C-808F-CAD292BCA006}.Release|x64.Build.0 = Release|Any CPU
		{E9549B7A-8F72-4D8C-808F-CAD292BCA006}.Release|x86.ActiveCfg = Release|Any CPU
		{E9549B7A-8F72-4D8C-808F-CAD292BCA006}.Release|x86.Build.0 = Release|Any CPU
		{FC056D7B-D33A-4A5F-97CE-909D4B4E1345}.Debug|Any CPU.ActiveCfg = Debug|Any CPU
		{FC056D7B-D33A-4A5F-97CE-909D4B4E1345}.Debug|Any CPU.Build.0 = Debug|Any CPU
		{FC056D7B-D33A-4A5F-97CE-909D4B4E1345}.Debug|ARM.ActiveCfg = Debug|Any CPU
		{FC056D7B-D33A-4A5F-97CE-909D4B4E1345}.Debug|ARM.Build.0 = Debug|Any CPU
		{FC056D7B-D33A-4A5F-97CE-909D4B4E1345}.Debug|x64.ActiveCfg = Debug|Any CPU
		{FC056D7B-D33A-4A5F-97CE-909D4B4E1345}.Debug|x64.Build.0 = Debug|Any CPU
		{FC056D7B-D33A-4A5F-97CE-909D4B4E1345}.Debug|x86.ActiveCfg = Debug|Any CPU
		{FC056D7B-D33A-4A5F-97CE-909D4B4E1345}.Debug|x86.Build.0 = Debug|Any CPU
		{FC056D7B-D33A-4A5F-97CE-909D4B4E1345}.Release|Any CPU.ActiveCfg = Release|Any CPU
		{FC056D7B-D33A-4A5F-97CE-909D4B4E1345}.Release|Any CPU.Build.0 = Release|Any CPU
		{FC056D7B-D33A-4A5F-97CE-909D4B4E1345}.Release|ARM.ActiveCfg = Release|Any CPU
		{FC056D7B-D33A-4A5F-97CE-909D4B4E1345}.Release|ARM.Build.0 = Release|Any CPU
		{FC056D7B-D33A-4A5F-97CE-909D4B4E1345}.Release|x64.ActiveCfg = Release|Any CPU
		{FC056D7B-D33A-4A5F-97CE-909D4B4E1345}.Release|x64.Build.0 = Release|Any CPU
		{FC056D7B-D33A-4A5F-97CE-909D4B4E1345}.Release|x86.ActiveCfg = Release|Any CPU
		{FC056D7B-D33A-4A5F-97CE-909D4B4E1345}.Release|x86.Build.0 = Release|Any CPU
		{D8CB6C97-B1A7-44C2-BB60-ED7E0B168FCE}.Debug|Any CPU.ActiveCfg = Debug|Any CPU
		{D8CB6C97-B1A7-44C2-BB60-ED7E0B168FCE}.Debug|Any CPU.Build.0 = Debug|Any CPU
		{D8CB6C97-B1A7-44C2-BB60-ED7E0B168FCE}.Debug|ARM.ActiveCfg = Debug|Any CPU
		{D8CB6C97-B1A7-44C2-BB60-ED7E0B168FCE}.Debug|ARM.Build.0 = Debug|Any CPU
		{D8CB6C97-B1A7-44C2-BB60-ED7E0B168FCE}.Debug|x64.ActiveCfg = Debug|Any CPU
		{D8CB6C97-B1A7-44C2-BB60-ED7E0B168FCE}.Debug|x64.Build.0 = Debug|Any CPU
		{D8CB6C97-B1A7-44C2-BB60-ED7E0B168FCE}.Debug|x86.ActiveCfg = Debug|Any CPU
		{D8CB6C97-B1A7-44C2-BB60-ED7E0B168FCE}.Debug|x86.Build.0 = Debug|Any CPU
		{D8CB6C97-B1A7-44C2-BB60-ED7E0B168FCE}.Release|Any CPU.ActiveCfg = Release|Any CPU
		{D8CB6C97-B1A7-44C2-BB60-ED7E0B168FCE}.Release|Any CPU.Build.0 = Release|Any CPU
		{D8CB6C97-B1A7-44C2-BB60-ED7E0B168FCE}.Release|ARM.ActiveCfg = Release|Any CPU
		{D8CB6C97-B1A7-44C2-BB60-ED7E0B168FCE}.Release|ARM.Build.0 = Release|Any CPU
		{D8CB6C97-B1A7-44C2-BB60-ED7E0B168FCE}.Release|x64.ActiveCfg = Release|Any CPU
		{D8CB6C97-B1A7-44C2-BB60-ED7E0B168FCE}.Release|x64.Build.0 = Release|Any CPU
		{D8CB6C97-B1A7-44C2-BB60-ED7E0B168FCE}.Release|x86.ActiveCfg = Release|Any CPU
		{D8CB6C97-B1A7-44C2-BB60-ED7E0B168FCE}.Release|x86.Build.0 = Release|Any CPU
	EndGlobalSection
	GlobalSection(SolutionProperties) = preSolution
		HideSolutionNode = FALSE
	EndGlobalSection
EndGlobal
